
Microsoft Visual Studio Solution File, Format Version 12.00
Project("{FAE04EC0-301F-11D3-BF4B-00C04F79EFBC}") = "Tutorial12", "Tutorial12\Tutorial12.csproj", "{9B7C2D58-0CD3-48AF-811C-988EBA13D63E}"
EndProject
Global
	GlobalSection(SolutionConfigurationPlatforms) = preSolution
		Debug|Any CPU = Debug|Any CPU
		Release|Any CPU = Release|Any CPU
	EndGlobalSection
	GlobalSection(ProjectConfigurationPlatforms) = postSolution
		{9B7C2D58-0CD3-48AF-811C-988EBA13D63E}.Debug|Any CPU.ActiveCfg = Debug|Any CPU
		{9B7C2D58-0CD3-48AF-811C-988EBA13D63E}.Debug|Any CPU.Build.0 = Debug|Any CPU
		{9B7C2D58-0CD3-48AF-811C-988EBA13D63E}.Release|Any CPU.ActiveCfg = Release|Any CPU
		{9B7C2D58-0CD3-48AF-811C-988EBA13D63E}.Release|Any CPU.Build.0 = Release|Any CPU
	EndGlobalSection
EndGlobal
